
Microsoft Visual Studio Solution File, Format Version 11.00
# Visual Studio 2010
Project("{FAE04EC0-301F-11D3-BF4B-00C04F79EFBC}") = "FolderBrowser", "FolderBrowser\FolderBrowser.csproj", "{D9F1D013-B7CC-4F80-AE90-5253D2E2A2BF}"
EndProject
Global
	GlobalSection(SolutionConfigurationPlatforms) = preSolution
		Debug|x86 = Debug|x86
		Release|x86 = Release|x86
	EndGlobalSection
	GlobalSection(ProjectConfigurationPlatforms) = postSolution
		{D9F1D013-B7CC-4F80-AE90-5253D2E2A2BF}.Debug|x86.ActiveCfg = Debug|x86
		{D9F1D013-B7CC-4F80-AE90-5253D2E2A2BF}.Debug|x86.Build.0 = Debug|x86
		{D9F1D013-B7CC-4F80-AE90-5253D2E2A2BF}.Release|x86.ActiveCfg = Release|x86
		{D9F1D013-B7CC-4F80-AE90-5253D2E2A2BF}.Release|x86.Build.0 = Release|x86
	EndGlobalSection
	GlobalSection(SolutionProperties) = preSolution
		HideSolutionNode = FALSE
	EndGlobalSection
EndGlobal
