
Microsoft Visual Studio Solution File, Format Version 10.00
# Visual Studio 2008
Project("{FAE04EC0-301F-11D3-BF4B-00C04F79EFBC}") = "HelloWorld", "HelloWorld\HelloWorld.csproj", "{CCD1FD34-82F6-4F09-94B0-89DA1ED463DD}"
EndProject
Global
	GlobalSection(SolutionConfigurationPlatforms) = preSolution
		Debug|Any CPU = Debug|Any CPU
		Release|Any CPU = Release|Any CPU
	EndGlobalSection
	GlobalSection(ProjectConfigurationPlatforms) = postSolution
		{CCD1FD34-82F6-4F09-94B0-89DA1ED463DD}.Debug|Any CPU.ActiveCfg = Debug|Any CPU
		{CCD1FD34-82F6-4F09-94B0-89DA1ED463DD}.Debug|Any CPU.Build.0 = Debug|Any CPU
		{CCD1FD34-82F6-4F09-94B0-89DA1ED463DD}.Release|Any CPU.ActiveCfg = Release|Any CPU
		{CCD1FD34-82F6-4F09-94B0-89DA1ED463DD}.Release|Any CPU.Build.0 = Release|Any CPU
	EndGlobalSection
	GlobalSection(SolutionProperties) = preSolution
		HideSolutionNode = FALSE
	EndGlobalSection
EndGlobal
