
Microsoft Visual Studio Solution File, Format Version 11.00
# Visual Studio 2010
Project("{FAE04EC0-301F-11D3-BF4B-00C04F79EFBC}") = "predefineTypes", "predefineTypes\predefineTypes.csproj", "{57311DDB-89C1-44F0-931E-B4B71EF5B6FA}"
EndProject
Global
	GlobalSection(SolutionConfigurationPlatforms) = preSolution
		Debug|x86 = Debug|x86
		Release|x86 = Release|x86
	EndGlobalSection
	GlobalSection(ProjectConfigurationPlatforms) = postSolution
		{57311DDB-89C1-44F0-931E-B4B71EF5B6FA}.Debug|x86.ActiveCfg = Debug|x86
		{57311DDB-89C1-44F0-931E-B4B71EF5B6FA}.Debug|x86.Build.0 = Debug|x86
		{57311DDB-89C1-44F0-931E-B4B71EF5B6FA}.Release|x86.ActiveCfg = Release|x86
		{57311DDB-89C1-44F0-931E-B4B71EF5B6FA}.Release|x86.Build.0 = Release|x86
	EndGlobalSection
	GlobalSection(SolutionProperties) = preSolution
		HideSolutionNode = FALSE
	EndGlobalSection
EndGlobal
